
Microsoft Visual Studio Solution File, Format Version 12.00
# Visual Studio Version 16
VisualStudioVersion = 16.0.31424.327
MinimumVisualStudioVersion = 10.0.40219.1
Project("{9A19103F-16F7-4668-BE54-9A1E7A4F7556}") = "ScreenshotManager", "ScreenshotManager\ScreenshotManager.csproj", "{0B778824-5029-4E81-AF7F-DDA39AEE90BA}"
EndProject
Project("{9A19103F-16F7-4668-BE54-9A1E7A4F7556}") = "DiscordWebhook", "DiscordWebhook\DiscordWebhook.csproj", "{96CF976E-12D6-4595-8F38-151D8FD8F684}"
EndProject
Global
	GlobalSection(SolutionConfigurationPlatforms) = preSolution
		Debug|Any CPU = Debug|Any CPU
		Release|Any CPU = Release|Any CPU
	EndGlobalSection
	GlobalSection(ProjectConfigurationPlatforms) = postSolution
		{0B778824-5029-4E81-AF7F-DDA39AEE90BA}.Debug|Any CPU.ActiveCfg = Debug|Any CPU
		{0B778824-5029-4E81-AF7F-DDA39AEE90BA}.Debug|Any CPU.Build.0 = Debug|Any CPU
		{0B778824-5029-4E81-AF7F-DDA39AEE90BA}.Release|Any CPU.ActiveCfg = Release|Any CPU
		{0B778824-5029-4E81-AF7F-DDA39AEE90BA}.Release|Any CPU.Build.0 = Release|Any CPU
		{96CF976E-12D6-4595-8F38-151D8FD8F684}.Debug|Any CPU.ActiveCfg = Debug|Any CPU
		{96CF976E-12D6-4595-8F38-151D8FD8F684}.Debug|Any CPU.Build.0 = Debug|Any CPU
		{96CF976E-12D6-4595-8F38-151D8FD8F684}.Release|Any CPU.ActiveCfg = Release|Any CPU
		{96CF976E-12D6-4595-8F38-151D8FD8F684}.Release|Any CPU.Build.0 = Release|Any CPU
	EndGlobalSection
	GlobalSection(SolutionProperties) = preSolution
		HideSolutionNode = FALSE
	EndGlobalSection
	GlobalSection(ExtensibilityGlobals) = postSolution
		SolutionGuid = {6FE655B1-09F1-49A3-BC2E-36403BF25113}
	EndGlobalSection
EndGlobal
